
Microsoft Visual Studio Solution File, Format Version 12.00
# Visual Studio Version 16
VisualStudioVersion = 16.0.32630.194
MinimumVisualStudioVersion = 10.0.40219.1
Project("{FAE04EC0-301F-11D3-BF4B-00C04F79EFBC}") = "Aula33-Exercicio1", "Aula33-Exercicio1\Aula33-Exercicio1.csproj", "{EAAE0BFF-F3D1-4324-8EEB-B320D228F770}"
EndProject
Global
	GlobalSection(SolutionConfigurationPlatforms) = preSolution
		Debug|Any CPU = Debug|Any CPU
		Release|Any CPU = Release|Any CPU
	EndGlobalSection
	GlobalSection(ProjectConfigurationPlatforms) = postSolution
		{EAAE0BFF-F3D1-4324-8EEB-B320D228F770}.Debug|Any CPU.ActiveCfg = Debug|Any CPU
		{EAAE0BFF-F3D1-4324-8EEB-B320D228F770}.Debug|Any CPU.Build.0 = Debug|Any CPU
		{EAAE0BFF-F3D1-4324-8EEB-B320D228F770}.Release|Any CPU.ActiveCfg = Release|Any CPU
		{EAAE0BFF-F3D1-4324-8EEB-B320D228F770}.Release|Any CPU.Build.0 = Release|Any CPU
	EndGlobalSection
	GlobalSection(SolutionProperties) = preSolution
		HideSolutionNode = FALSE
	EndGlobalSection
	GlobalSection(ExtensibilityGlobals) = postSolution
		SolutionGuid = {D3D766CA-C870-48C1-8FD6-8F4B3FD80390}
	EndGlobalSection
EndGlobal
