
Microsoft Visual Studio Solution File, Format Version 12.00
# Visual Studio Version 16
VisualStudioVersion = 16.0.32630.194
MinimumVisualStudioVersion = 10.0.40219.1
Project("{FAE04EC0-301F-11D3-BF4B-00C04F79EFBC}") = "Aula29-Exercicio5", "Aula29-Exercicio5\Aula29-Exercicio5.csproj", "{970F7EC1-2B91-4F0C-93EC-BAC07C43DC06}"
EndProject
Global
	GlobalSection(SolutionConfigurationPlatforms) = preSolution
		Debug|Any CPU = Debug|Any CPU
		Release|Any CPU = Release|Any CPU
	EndGlobalSection
	GlobalSection(ProjectConfigurationPlatforms) = postSolution
		{970F7EC1-2B91-4F0C-93EC-BAC07C43DC06}.Debug|Any CPU.ActiveCfg = Debug|Any CPU
		{970F7EC1-2B91-4F0C-93EC-BAC07C43DC06}.Debug|Any CPU.Build.0 = Debug|Any CPU
		{970F7EC1-2B91-4F0C-93EC-BAC07C43DC06}.Release|Any CPU.ActiveCfg = Release|Any CPU
		{970F7EC1-2B91-4F0C-93EC-BAC07C43DC06}.Release|Any CPU.Build.0 = Release|Any CPU
	EndGlobalSection
	GlobalSection(SolutionProperties) = preSolution
		HideSolutionNode = FALSE
	EndGlobalSection
	GlobalSection(ExtensibilityGlobals) = postSolution
		SolutionGuid = {7BE755BD-4914-4662-A348-F26198C23A31}
	EndGlobalSection
EndGlobal
