
Microsoft Visual Studio Solution File, Format Version 12.00
# Visual Studio Version 16
VisualStudioVersion = 16.0.32630.194
MinimumVisualStudioVersion = 10.0.40219.1
Project("{FAE04EC0-301F-11D3-BF4B-00C04F79EFBC}") = "Exercicio6_Aula24", "Exercicio6_Aula24\Exercicio6_Aula24.csproj", "{977B0B32-0FB9-4F48-9E88-F596F00B43C7}"
EndProject
Global
	GlobalSection(SolutionConfigurationPlatforms) = preSolution
		Debug|Any CPU = Debug|Any CPU
		Release|Any CPU = Release|Any CPU
	EndGlobalSection
	GlobalSection(ProjectConfigurationPlatforms) = postSolution
		{977B0B32-0FB9-4F48-9E88-F596F00B43C7}.Debug|Any CPU.ActiveCfg = Debug|Any CPU
		{977B0B32-0FB9-4F48-9E88-F596F00B43C7}.Debug|Any CPU.Build.0 = Debug|Any CPU
		{977B0B32-0FB9-4F48-9E88-F596F00B43C7}.Release|Any CPU.ActiveCfg = Release|Any CPU
		{977B0B32-0FB9-4F48-9E88-F596F00B43C7}.Release|Any CPU.Build.0 = Release|Any CPU
	EndGlobalSection
	GlobalSection(SolutionProperties) = preSolution
		HideSolutionNode = FALSE
	EndGlobalSection
	GlobalSection(ExtensibilityGlobals) = postSolution
		SolutionGuid = {C5E15C83-BCF7-4715-90DD-41D19D9BADB2}
	EndGlobalSection
EndGlobal
