
Microsoft Visual Studio Solution File, Format Version 12.00
# Visual Studio Version 16
VisualStudioVersion = 16.0.32630.194
MinimumVisualStudioVersion = 10.0.40219.1
Project("{FAE04EC0-301F-11D3-BF4B-00C04F79EFBC}") = "Aula30-Funcoes", "Aula30-Funcoes\Aula30-Funcoes.csproj", "{C40C1181-58B3-4289-9277-44FA5B09729C}"
EndProject
Global
	GlobalSection(SolutionConfigurationPlatforms) = preSolution
		Debug|Any CPU = Debug|Any CPU
		Release|Any CPU = Release|Any CPU
	EndGlobalSection
	GlobalSection(ProjectConfigurationPlatforms) = postSolution
		{C40C1181-58B3-4289-9277-44FA5B09729C}.Debug|Any CPU.ActiveCfg = Debug|Any CPU
		{C40C1181-58B3-4289-9277-44FA5B09729C}.Debug|Any CPU.Build.0 = Debug|Any CPU
		{C40C1181-58B3-4289-9277-44FA5B09729C}.Release|Any CPU.ActiveCfg = Release|Any CPU
		{C40C1181-58B3-4289-9277-44FA5B09729C}.Release|Any CPU.Build.0 = Release|Any CPU
	EndGlobalSection
	GlobalSection(SolutionProperties) = preSolution
		HideSolutionNode = FALSE
	EndGlobalSection
	GlobalSection(ExtensibilityGlobals) = postSolution
		SolutionGuid = {B08F2F65-3457-4067-ABE0-8F8D0290BFB1}
	EndGlobalSection
EndGlobal
