
Microsoft Visual Studio Solution File, Format Version 12.00
# Visual Studio Version 16
VisualStudioVersion = 16.0.32630.194
MinimumVisualStudioVersion = 10.0.40219.1
Project("{FAE04EC0-301F-11D3-BF4B-00C04F79EFBC}") = "Aula35-Exercicio2", "Aula35-Exercicio2\Aula35-Exercicio2.csproj", "{044626CF-A9A8-4C08-875F-76D5D3EE2F2B}"
EndProject
Global
	GlobalSection(SolutionConfigurationPlatforms) = preSolution
		Debug|Any CPU = Debug|Any CPU
		Release|Any CPU = Release|Any CPU
	EndGlobalSection
	GlobalSection(ProjectConfigurationPlatforms) = postSolution
		{044626CF-A9A8-4C08-875F-76D5D3EE2F2B}.Debug|Any CPU.ActiveCfg = Debug|Any CPU
		{044626CF-A9A8-4C08-875F-76D5D3EE2F2B}.Debug|Any CPU.Build.0 = Debug|Any CPU
		{044626CF-A9A8-4C08-875F-76D5D3EE2F2B}.Release|Any CPU.ActiveCfg = Release|Any CPU
		{044626CF-A9A8-4C08-875F-76D5D3EE2F2B}.Release|Any CPU.Build.0 = Release|Any CPU
	EndGlobalSection
	GlobalSection(SolutionProperties) = preSolution
		HideSolutionNode = FALSE
	EndGlobalSection
	GlobalSection(ExtensibilityGlobals) = postSolution
		SolutionGuid = {EC12E6C6-E162-4F14-B41B-09A4E773EF76}
	EndGlobalSection
EndGlobal
