
Microsoft Visual Studio Solution File, Format Version 12.00
# Visual Studio Version 16
VisualStudioVersion = 16.0.32630.194
MinimumVisualStudioVersion = 10.0.40219.1
Project("{FAE04EC0-301F-11D3-BF4B-00C04F79EFBC}") = "Course", "Course\Course.csproj", "{A775A284-871E-4655-9AF2-B08BDF2AE998}"
EndProject
Global
	GlobalSection(SolutionConfigurationPlatforms) = preSolution
		Debug|Any CPU = Debug|Any CPU
		Release|Any CPU = Release|Any CPU
	EndGlobalSection
	GlobalSection(ProjectConfigurationPlatforms) = postSolution
		{A775A284-871E-4655-9AF2-B08BDF2AE998}.Debug|Any CPU.ActiveCfg = Debug|Any CPU
		{A775A284-871E-4655-9AF2-B08BDF2AE998}.Debug|Any CPU.Build.0 = Debug|Any CPU
		{A775A284-871E-4655-9AF2-B08BDF2AE998}.Release|Any CPU.ActiveCfg = Release|Any CPU
		{A775A284-871E-4655-9AF2-B08BDF2AE998}.Release|Any CPU.Build.0 = Release|Any CPU
	EndGlobalSection
	GlobalSection(SolutionProperties) = preSolution
		HideSolutionNode = FALSE
	EndGlobalSection
	GlobalSection(ExtensibilityGlobals) = postSolution
		SolutionGuid = {29D4BF7E-FF5D-4783-8F70-CE0638A2F676}
	EndGlobalSection
EndGlobal
